// !$*UTF8*$!
{
	archiveVersion = 1;
	classes = {
	};
	objectVersion = 51;
	objects = {

/* Begin PBXBuildFile section */
		56904E0ECE7BFB9977D5B1A5 /* libPods-CleanArchitectureRxSwift_GunterUITests.a in Frameworks */ = {isa = PBXBuildFile; fileRef = 11609BFC5024B77A69F0D034 /* libPods-CleanArchitectureRxSwift_GunterUITests.a */; };
		5B0075C2245AA306005B300D /* AppDelegate.swift in Sources */ = {isa = PBXBuildFile; fileRef = 5B0075C1245AA306005B300D /* AppDelegate.swift */; };
		5B0075C4245AA306005B300D /* SceneDelegate.swift in Sources */ = {isa = PBXBuildFile; fileRef = 5B0075C3245AA306005B300D /* SceneDelegate.swift */; };
		5B0075CB245AA308005B300D /* Assets.xcassets in Resources */ = {isa = PBXBuildFile; fileRef = 5B0075CA245AA308005B300D /* Assets.xcassets */; };
		5B0075CE245AA308005B300D /* LaunchScreen.storyboard in Resources */ = {isa = PBXBuildFile; fileRef = 5B0075CC245AA308005B300D /* LaunchScreen.storyboard */; };
		5B0075D7245AA803005B300D /* .swiftlint.yml in Resources */ = {isa = PBXBuildFile; fileRef = 5B0075D6245AA803005B300D /* .swiftlint.yml */; };
		5B0075DB245AA882005B300D /* Localizable.strings in Resources */ = {isa = PBXBuildFile; fileRef = 5B0075DA245AA882005B300D /* Localizable.strings */; };
		5B0075E1245AAA70005B300D /* Alertable.swift in Sources */ = {isa = PBXBuildFile; fileRef = 5B0075E0245AAA70005B300D /* Alertable.swift */; };
		5B0075E3245AAA7F005B300D /* StoryboardInstantiable.swift in Sources */ = {isa = PBXBuildFile; fileRef = 5B0075E2245AAA7F005B300D /* StoryboardInstantiable.swift */; };
		5B0075E5245AAD73005B300D /* Networking.swift in Sources */ = {isa = PBXBuildFile; fileRef = 5B0075E4245AAD73005B300D /* Networking.swift */; };
		5B0075E8245AADB1005B300D /* Logger.swift in Sources */ = {isa = PBXBuildFile; fileRef = 5B0075E7245AADB1005B300D /* Logger.swift */; };
		5B0075EB245BF624005B300D /* MovieAPI.swift in Sources */ = {isa = PBXBuildFile; fileRef = 5B0075EA245BF624005B300D /* MovieAPI.swift */; };
		5B0075F1245BF7D5005B300D /* ModelType.swift in Sources */ = {isa = PBXBuildFile; fileRef = 5B0075F0245BF7D5005B300D /* ModelType.swift */; };
		5B0075F3245BF852005B300D /* Movie.swift in Sources */ = {isa = PBXBuildFile; fileRef = 5B0075F2245BF852005B300D /* Movie.swift */; };
		5B0075F7245BF8CF005B300D /* MoviesRequestDTO+Mapping.swift in Sources */ = {isa = PBXBuildFile; fileRef = 5B0075F6245BF8CF005B300D /* MoviesRequestDTO+Mapping.swift */; };
		5B0075F9245BFB6D005B300D /* MoviesResponseDTO+Mapping.swift in Sources */ = {isa = PBXBuildFile; fileRef = 5B0075F8245BFB6D005B300D /* MoviesResponseDTO+Mapping.swift */; };
		5B0075FB245BFE78005B300D /* Test.swift in Sources */ = {isa = PBXBuildFile; fileRef = 5B0075FA245BFE78005B300D /* Test.swift */; };
		5B0075FD245C043A005B300D /* MoviesRepository.swift in Sources */ = {isa = PBXBuildFile; fileRef = 5B0075FC245C043A005B300D /* MoviesRepository.swift */; };
		5B0075FF245C06EC005B300D /* MovieQuery.swift in Sources */ = {isa = PBXBuildFile; fileRef = 5B0075FE245C06EC005B300D /* MovieQuery.swift */; };
		5B007602245C07E2005B300D /* MoviesDAO.swift in Sources */ = {isa = PBXBuildFile; fileRef = 5B007601245C07E2005B300D /* MoviesDAO.swift */; };
		5B007604245C0BE3005B300D /* SearchMoviesUseCase.swift in Sources */ = {isa = PBXBuildFile; fileRef = 5B007603245C0BE3005B300D /* SearchMoviesUseCase.swift */; };
		5B007606245C0D22005B300D /* BaseViewController.swift in Sources */ = {isa = PBXBuildFile; fileRef = 5B007605245C0D22005B300D /* BaseViewController.swift */; };
		5B00760E245D5D33005B300D /* MoviesListItemCell.swift in Sources */ = {isa = PBXBuildFile; fileRef = 5B00760D245D5D33005B300D /* MoviesListItemCell.swift */; };
		5B007610245D5E71005B300D /* MoviesListViewModel.swift in Sources */ = {isa = PBXBuildFile; fileRef = 5B00760F245D5E71005B300D /* MoviesListViewModel.swift */; };
		5B007613245D6476005B300D /* MoviesListItemViewModel.swift in Sources */ = {isa = PBXBuildFile; fileRef = 5B007612245D6476005B300D /* MoviesListItemViewModel.swift */; };
		5B007616245D6561005B300D /* ViewModelType.swift in Sources */ = {isa = PBXBuildFile; fileRef = 5B007615245D6561005B300D /* ViewModelType.swift */; };
		5B007619245D6A12005B300D /* Observable+Ext.swift in Sources */ = {isa = PBXBuildFile; fileRef = 5B007618245D6A12005B300D /* Observable+Ext.swift */; };
		5B00761B245D80DC005B300D /* AppDIContainer.swift in Sources */ = {isa = PBXBuildFile; fileRef = 5B00761A245D80DC005B300D /* AppDIContainer.swift */; };
		5B00761D245D80F2005B300D /* MoviesSceneDIContainer.swift in Sources */ = {isa = PBXBuildFile; fileRef = 5B00761C245D80F2005B300D /* MoviesSceneDIContainer.swift */; };
		5B00761F245D8105005B300D /* AppFlowCoordinator.swift in Sources */ = {isa = PBXBuildFile; fileRef = 5B00761E245D8105005B300D /* AppFlowCoordinator.swift */; };
		5B007621245D844A005B300D /* MoviesSearchFlowCoordinator.swift in Sources */ = {isa = PBXBuildFile; fileRef = 5B007620245D844A005B300D /* MoviesSearchFlowCoordinator.swift */; };
		5B007627245D9726005B300D /* MoviesListViewController.storyboard in Resources */ = {isa = PBXBuildFile; fileRef = 5B007626245D9726005B300D /* MoviesListViewController.storyboard */; };
		5B007629245D9B5D005B300D /* MoviesListViewController.swift in Sources */ = {isa = PBXBuildFile; fileRef = 5B007628245D9B5D005B300D /* MoviesListViewController.swift */; };
		5B00763D245FF7C8005B300D /* ApiError.swift in Sources */ = {isa = PBXBuildFile; fileRef = 5B00763C245FF7C8005B300D /* ApiError.swift */; };
		5B007641246138F3005B300D /* ErrorTracker.swift in Sources */ = {isa = PBXBuildFile; fileRef = 5B007640246138F3005B300D /* ErrorTracker.swift */; };
		5B00764324613AEB005B300D /* ActivityIndicator.swift in Sources */ = {isa = PBXBuildFile; fileRef = 5B00764224613AEB005B300D /* ActivityIndicator.swift */; };
		5B0076472461423A005B300D /* DetectDeinit.swift in Sources */ = {isa = PBXBuildFile; fileRef = 5B0076462461423A005B300D /* DetectDeinit.swift */; };
		5B00764924614609005B300D /* UIScrollView+Rx.swift in Sources */ = {isa = PBXBuildFile; fileRef = 5B00764824614609005B300D /* UIScrollView+Rx.swift */; };
		5B00764C246179D0005B300D /* MovieDetailsViewController.swift in Sources */ = {isa = PBXBuildFile; fileRef = 5B00764B246179D0005B300D /* MovieDetailsViewController.swift */; };
		5B00764E246179DE005B300D /* MovieDetailsViewController.storyboard in Resources */ = {isa = PBXBuildFile; fileRef = 5B00764D246179DD005B300D /* MovieDetailsViewController.storyboard */; };
		5B00765024617AF1005B300D /* UIImageView+Kingfisher.swift in Sources */ = {isa = PBXBuildFile; fileRef = 5B00764F24617AF1005B300D /* UIImageView+Kingfisher.swift */; };
		5B00765224617B38005B300D /* PictureUrl.swift in Sources */ = {isa = PBXBuildFile; fileRef = 5B00765124617B38005B300D /* PictureUrl.swift */; };
		5B00765624618149005B300D /* MovieDetailsViewModel.swift in Sources */ = {isa = PBXBuildFile; fileRef = 5B00765524618149005B300D /* MovieDetailsViewModel.swift */; };
		5BAEA1BD2461A362006ED591 /* CleanArchitectureRxSwift_GunterTests.swift in Sources */ = {isa = PBXBuildFile; fileRef = 5BAEA1BC2461A362006ED591 /* CleanArchitectureRxSwift_GunterTests.swift */; };
		5BAEA1CB2461A370006ED591 /* CleanArchitectureRxSwift_GunterUITests.swift in Sources */ = {isa = PBXBuildFile; fileRef = 5BAEA1CA2461A370006ED591 /* CleanArchitectureRxSwift_GunterUITests.swift */; };
		8A16045022EFE45F675B79EF /* Pods_CleanArchitectureRxSwift_Gunter.framework in Frameworks */ = {isa = PBXBuildFile; fileRef = E7A90FFAD45061F8918D46B0 /* Pods_CleanArchitectureRxSwift_Gunter.framework */; };
		CCC6E362912BDF85CFEC08DE /* libPods-CleanArchitectureRxSwift_GunterTests.a in Frameworks */ = {isa = PBXBuildFile; fileRef = DAD664D1EDAADCE31D12A136 /* libPods-CleanArchitectureRxSwift_GunterTests.a */; };
/* End PBXBuildFile section */

/* Begin PBXContainerItemProxy section */
		5BAEA1BF2461A362006ED591 /* PBXContainerItemProxy */ = {
			isa = PBXContainerItemProxy;
			containerPortal = 5B0075B6245AA306005B300D /* Project object */;
			proxyType = 1;
			remoteGlobalIDString = 5B0075BD245AA306005B300D;
			remoteInfo = CleanArchitectureRxSwift_Gunter;
		};
		5BAEA1CD2461A370006ED591 /* PBXContainerItemProxy */ = {
			isa = PBXContainerItemProxy;
			containerPortal = 5B0075B6245AA306005B300D /* Project object */;
			proxyType = 1;
			remoteGlobalIDString = 5B0075BD245AA306005B300D;
			remoteInfo = CleanArchitectureRxSwift_Gunter;
		};
/* End PBXContainerItemProxy section */

/* Begin PBXFileReference section */
		11609BFC5024B77A69F0D034 /* libPods-CleanArchitectureRxSwift_GunterUITests.a */ = {isa = PBXFileReference; explicitFileType = archive.ar; includeInIndex = 0; path = "libPods-CleanArchitectureRxSwift_GunterUITests.a"; sourceTree = BUILT_PRODUCTS_DIR; };
		57FBACD7569971F7625CD0BB /* Pods-CleanArchitectureRxSwift_Gunter-Tests-CleanArchitectureRxSwift_GunterTests.debug.xcconfig */ = {isa = PBXFileReference; includeInIndex = 1; lastKnownFileType = text.xcconfig; name = "Pods-CleanArchitectureRxSwift_Gunter-Tests-CleanArchitectureRxSwift_GunterTests.debug.xcconfig"; path = "Target Support Files/Pods-CleanArchitectureRxSwift_Gunter-Tests-CleanArchitectureRxSwift_GunterTests/Pods-CleanArchitectureRxSwift_Gunter-Tests-CleanArchitectureRxSwift_GunterTests.debug.xcconfig"; sourceTree = "<group>"; };
		5B0075BE245AA306005B300D /* CleanArchitectureRxSwift_Gunter.app */ = {isa = PBXFileReference; explicitFileType = wrapper.application; includeInIndex = 0; path = CleanArchitectureRxSwift_Gunter.app; sourceTree = BUILT_PRODUCTS_DIR; };
		5B0075C1245AA306005B300D /* AppDelegate.swift */ = {isa = PBXFileReference; lastKnownFileType = sourcecode.swift; path = AppDelegate.swift; sourceTree = "<group>"; };
		5B0075C3245AA306005B300D /* SceneDelegate.swift */ = {isa = PBXFileReference; lastKnownFileType = sourcecode.swift; path = SceneDelegate.swift; sourceTree = "<group>"; };
		5B0075CA245AA308005B300D /* Assets.xcassets */ = {isa = PBXFileReference; lastKnownFileType = folder.assetcatalog; path = Assets.xcassets; sourceTree = "<group>"; };
		5B0075CD245AA308005B300D /* Base */ = {isa = PBXFileReference; lastKnownFileType = file.storyboard; name = Base; path = Base.lproj/LaunchScreen.storyboard; sourceTree = "<group>"; };
		5B0075CF245AA308005B300D /* Info.plist */ = {isa = PBXFileReference; lastKnownFileType = text.plist.xml; path = Info.plist; sourceTree = "<group>"; };
		5B0075D6245AA803005B300D /* .swiftlint.yml */ = {isa = PBXFileReference; lastKnownFileType = text.yaml; path = .swiftlint.yml; sourceTree = "<group>"; };
		5B0075DA245AA882005B300D /* Localizable.strings */ = {isa = PBXFileReference; lastKnownFileType = text.plist.strings; path = Localizable.strings; sourceTree = "<group>"; };
		5B0075E0245AAA70005B300D /* Alertable.swift */ = {isa = PBXFileReference; lastKnownFileType = sourcecode.swift; path = Alertable.swift; sourceTree = "<group>"; };
		5B0075E2245AAA7F005B300D /* StoryboardInstantiable.swift */ = {isa = PBXFileReference; lastKnownFileType = sourcecode.swift; path = StoryboardInstantiable.swift; sourceTree = "<group>"; };
		5B0075E4245AAD73005B300D /* Networking.swift */ = {isa = PBXFileReference; lastKnownFileType = sourcecode.swift; path = Networking.swift; sourceTree = "<group>"; };
		5B0075E7245AADB1005B300D /* Logger.swift */ = {isa = PBXFileReference; lastKnownFileType = sourcecode.swift; path = Logger.swift; sourceTree = "<group>"; };
		5B0075EA245BF624005B300D /* MovieAPI.swift */ = {isa = PBXFileReference; lastKnownFileType = sourcecode.swift; path = MovieAPI.swift; sourceTree = "<group>"; };
		5B0075F0245BF7D5005B300D /* ModelType.swift */ = {isa = PBXFileReference; lastKnownFileType = sourcecode.swift; path = ModelType.swift; sourceTree = "<group>"; };
		5B0075F2245BF852005B300D /* Movie.swift */ = {isa = PBXFileReference; lastKnownFileType = sourcecode.swift; path = Movie.swift; sourceTree = "<group>"; };
		5B0075F6245BF8CF005B300D /* MoviesRequestDTO+Mapping.swift */ = {isa = PBXFileReference; lastKnownFileType = sourcecode.swift; path = "MoviesRequestDTO+Mapping.swift"; sourceTree = "<group>"; };
		5B0075F8245BFB6D005B300D /* MoviesResponseDTO+Mapping.swift */ = {isa = PBXFileReference; lastKnownFileType = sourcecode.swift; path = "MoviesResponseDTO+Mapping.swift"; sourceTree = "<group>"; };
		5B0075FA245BFE78005B300D /* Test.swift */ = {isa = PBXFileReference; lastKnownFileType = sourcecode.swift; path = Test.swift; sourceTree = "<group>"; };
		5B0075FC245C043A005B300D /* MoviesRepository.swift */ = {isa = PBXFileReference; lastKnownFileType = sourcecode.swift; path = MoviesRepository.swift; sourceTree = "<group>"; };
		5B0075FE245C06EC005B300D /* MovieQuery.swift */ = {isa = PBXFileReference; lastKnownFileType = sourcecode.swift; path = MovieQuery.swift; sourceTree = "<group>"; };
		5B007601245C07E2005B300D /* MoviesDAO.swift */ = {isa = PBXFileReference; lastKnownFileType = sourcecode.swift; path = MoviesDAO.swift; sourceTree = "<group>"; };
		5B007603245C0BE3005B300D /* SearchMoviesUseCase.swift */ = {isa = PBXFileReference; lastKnownFileType = sourcecode.swift; path = SearchMoviesUseCase.swift; sourceTree = "<group>"; };
		5B007605245C0D22005B300D /* BaseViewController.swift */ = {isa = PBXFileReference; lastKnownFileType = sourcecode.swift; path = BaseViewController.swift; sourceTree = "<group>"; };
		5B00760D245D5D33005B300D /* MoviesListItemCell.swift */ = {isa = PBXFileReference; lastKnownFileType = sourcecode.swift; path = MoviesListItemCell.swift; sourceTree = "<group>"; };
		5B00760F245D5E71005B300D /* MoviesListViewModel.swift */ = {isa = PBXFileReference; lastKnownFileType = sourcecode.swift; path = MoviesListViewModel.swift; sourceTree = "<group>"; };
		5B007612245D6476005B300D /* MoviesListItemViewModel.swift */ = {isa = PBXFileReference; lastKnownFileType = sourcecode.swift; path = MoviesListItemViewModel.swift; sourceTree = "<group>"; };
		5B007615245D6561005B300D /* ViewModelType.swift */ = {isa = PBXFileReference; lastKnownFileType = sourcecode.swift; path = ViewModelType.swift; sourceTree = "<group>"; };
		5B007618245D6A12005B300D /* Observable+Ext.swift */ = {isa = PBXFileReference; lastKnownFileType = sourcecode.swift; path = "Observable+Ext.swift"; sourceTree = "<group>"; };
		5B00761A245D80DC005B300D /* AppDIContainer.swift */ = {isa = PBXFileReference; lastKnownFileType = sourcecode.swift; path = AppDIContainer.swift; sourceTree = "<group>"; };
		5B00761C245D80F2005B300D /* MoviesSceneDIContainer.swift */ = {isa = PBXFileReference; lastKnownFileType = sourcecode.swift; path = MoviesSceneDIContainer.swift; sourceTree = "<group>"; };
		5B00761E245D8105005B300D /* AppFlowCoordinator.swift */ = {isa = PBXFileReference; lastKnownFileType = sourcecode.swift; path = AppFlowCoordinator.swift; sourceTree = "<group>"; };
		5B007620245D844A005B300D /* MoviesSearchFlowCoordinator.swift */ = {isa = PBXFileReference; lastKnownFileType = sourcecode.swift; path = MoviesSearchFlowCoordinator.swift; sourceTree = "<group>"; };
		5B007626245D9726005B300D /* MoviesListViewController.storyboard */ = {isa = PBXFileReference; lastKnownFileType = file.storyboard; path = MoviesListViewController.storyboard; sourceTree = "<group>"; };
		5B007628245D9B5D005B300D /* MoviesListViewController.swift */ = {isa = PBXFileReference; lastKnownFileType = sourcecode.swift; path = MoviesListViewController.swift; sourceTree = "<group>"; };
		5B00763C245FF7C8005B300D /* ApiError.swift */ = {isa = PBXFileReference; lastKnownFileType = sourcecode.swift; path = ApiError.swift; sourceTree = "<group>"; };
		5B007640246138F3005B300D /* ErrorTracker.swift */ = {isa = PBXFileReference; lastKnownFileType = sourcecode.swift; path = ErrorTracker.swift; sourceTree = "<group>"; };
		5B00764224613AEB005B300D /* ActivityIndicator.swift */ = {isa = PBXFileReference; lastKnownFileType = sourcecode.swift; path = ActivityIndicator.swift; sourceTree = "<group>"; };
		5B0076462461423A005B300D /* DetectDeinit.swift */ = {isa = PBXFileReference; lastKnownFileType = sourcecode.swift; path = DetectDeinit.swift; sourceTree = "<group>"; };
		5B00764824614609005B300D /* UIScrollView+Rx.swift */ = {isa = PBXFileReference; lastKnownFileType = sourcecode.swift; path = "UIScrollView+Rx.swift"; sourceTree = "<group>"; };
		5B00764B246179D0005B300D /* MovieDetailsViewController.swift */ = {isa = PBXFileReference; lastKnownFileType = sourcecode.swift; path = MovieDetailsViewController.swift; sourceTree = "<group>"; };
		5B00764D246179DD005B300D /* MovieDetailsViewController.storyboard */ = {isa = PBXFileReference; lastKnownFileType = file.storyboard; path = MovieDetailsViewController.storyboard; sourceTree = "<group>"; };
		5B00764F24617AF1005B300D /* UIImageView+Kingfisher.swift */ = {isa = PBXFileReference; lastKnownFileType = sourcecode.swift; path = "UIImageView+Kingfisher.swift"; sourceTree = "<group>"; };
		5B00765124617B38005B300D /* PictureUrl.swift */ = {isa = PBXFileReference; lastKnownFileType = sourcecode.swift; path = PictureUrl.swift; sourceTree = "<group>"; };
		5B00765524618149005B300D /* MovieDetailsViewModel.swift */ = {isa = PBXFileReference; lastKnownFileType = sourcecode.swift; path = MovieDetailsViewModel.swift; sourceTree = "<group>"; };
		5BAEA1BA2461A362006ED591 /* CleanArchitectureRxSwift_GunterTests.xctest */ = {isa = PBXFileReference; explicitFileType = wrapper.cfbundle; includeInIndex = 0; path = CleanArchitectureRxSwift_GunterTests.xctest; sourceTree = BUILT_PRODUCTS_DIR; };
		5BAEA1BC2461A362006ED591 /* CleanArchitectureRxSwift_GunterTests.swift */ = {isa = PBXFileReference; lastKnownFileType = sourcecode.swift; path = CleanArchitectureRxSwift_GunterTests.swift; sourceTree = "<group>"; };
		5BAEA1BE2461A362006ED591 /* Info.plist */ = {isa = PBXFileReference; lastKnownFileType = text.plist.xml; path = Info.plist; sourceTree = "<group>"; };
		5BAEA1C82461A370006ED591 /* CleanArchitectureRxSwift_GunterUITests.xctest */ = {isa = PBXFileReference; explicitFileType = wrapper.cfbundle; includeInIndex = 0; path = CleanArchitectureRxSwift_GunterUITests.xctest; sourceTree = BUILT_PRODUCTS_DIR; };
		5BAEA1CA2461A370006ED591 /* CleanArchitectureRxSwift_GunterUITests.swift */ = {isa = PBXFileReference; lastKnownFileType = sourcecode.swift; path = CleanArchitectureRxSwift_GunterUITests.swift; sourceTree = "<group>"; };
		5BAEA1CC2461A370006ED591 /* Info.plist */ = {isa = PBXFileReference; lastKnownFileType = text.plist.xml; path = Info.plist; sourceTree = "<group>"; };
		5E628992E1C7CA3B45C40EF9 /* Pods-CleanArchitectureRxSwift_Gunter-Tests-CleanArchitectureRxSwift_GunterUITests.debug.xcconfig */ = {isa = PBXFileReference; includeInIndex = 1; lastKnownFileType = text.xcconfig; name = "Pods-CleanArchitectureRxSwift_Gunter-Tests-CleanArchitectureRxSwift_GunterUITests.debug.xcconfig"; path = "Target Support Files/Pods-CleanArchitectureRxSwift_Gunter-Tests-CleanArchitectureRxSwift_GunterUITests/Pods-CleanArchitectureRxSwift_Gunter-Tests-CleanArchitectureRxSwift_GunterUITests.debug.xcconfig"; sourceTree = "<group>"; };
		6831E96AE7EB19DA075F7164 /* Pods-CleanArchitectureRxSwift_GunterUITests.release.xcconfig */ = {isa = PBXFileReference; includeInIndex = 1; lastKnownFileType = text.xcconfig; name = "Pods-CleanArchitectureRxSwift_GunterUITests.release.xcconfig"; path = "Target Support Files/Pods-CleanArchitectureRxSwift_GunterUITests/Pods-CleanArchitectureRxSwift_GunterUITests.release.xcconfig"; sourceTree = "<group>"; };
		6DB68B184C9E782316257E7B /* Pods-CleanArchitectureRxSwift_Gunter-Tests-CleanArchitectureRxSwift_GunterUITests.release.xcconfig */ = {isa = PBXFileReference; includeInIndex = 1; lastKnownFileType = text.xcconfig; name = "Pods-CleanArchitectureRxSwift_Gunter-Tests-CleanArchitectureRxSwift_GunterUITests.release.xcconfig"; path = "Target Support Files/Pods-CleanArchitectureRxSwift_Gunter-Tests-CleanArchitectureRxSwift_GunterUITests/Pods-CleanArchitectureRxSwift_Gunter-Tests-CleanArchitectureRxSwift_GunterUITests.release.xcconfig"; sourceTree = "<group>"; };
		B97B4F41AAD80FFA25068722 /* Pods-CleanArchitectureRxSwift_Gunter.release.xcconfig */ = {isa = PBXFileReference; includeInIndex = 1; lastKnownFileType = text.xcconfig; name = "Pods-CleanArchitectureRxSwift_Gunter.release.xcconfig"; path = "Target Support Files/Pods-CleanArchitectureRxSwift_Gunter/Pods-CleanArchitectureRxSwift_Gunter.release.xcconfig"; sourceTree = "<group>"; };
		D0DBA5C1AF8071F16C66CE2E /* Pods-CleanArchitectureRxSwift_Gunter.debug.xcconfig */ = {isa = PBXFileReference; includeInIndex = 1; lastKnownFileType = text.xcconfig; name = "Pods-CleanArchitectureRxSwift_Gunter.debug.xcconfig"; path = "Target Support Files/Pods-CleanArchitectureRxSwift_Gunter/Pods-CleanArchitectureRxSwift_Gunter.debug.xcconfig"; sourceTree = "<group>"; };
		D1D79F54CE519DD5342AF116 /* Pods-CleanArchitectureRxSwift_GunterTests.debug.xcconfig */ = {isa = PBXFileReference; includeInIndex = 1; lastKnownFileType = text.xcconfig; name = "Pods-CleanArchitectureRxSwift_GunterTests.debug.xcconfig"; path = "Target Support Files/Pods-CleanArchitectureRxSwift_GunterTests/Pods-CleanArchitectureRxSwift_GunterTests.debug.xcconfig"; sourceTree = "<group>"; };
		DAD664D1EDAADCE31D12A136 /* libPods-CleanArchitectureRxSwift_GunterTests.a */ = {isa = PBXFileReference; explicitFileType = archive.ar; includeInIndex = 0; path = "libPods-CleanArchitectureRxSwift_GunterTests.a"; sourceTree = BUILT_PRODUCTS_DIR; };
		E7A90FFAD45061F8918D46B0 /* Pods_CleanArchitectureRxSwift_Gunter.framework */ = {isa = PBXFileReference; explicitFileType = wrapper.framework; includeInIndex = 0; path = Pods_CleanArchitectureRxSwift_Gunter.framework; sourceTree = BUILT_PRODUCTS_DIR; };
		EC559EC38A0363A7CCE25239 /* Pods-CleanArchitectureRxSwift_GunterTests.release.xcconfig */ = {isa = PBXFileReference; includeInIndex = 1; lastKnownFileType = text.xcconfig; name = "Pods-CleanArchitectureRxSwift_GunterTests.release.xcconfig"; path = "Target Support Files/Pods-CleanArchitectureRxSwift_GunterTests/Pods-CleanArchitectureRxSwift_GunterTests.release.xcconfig"; sourceTree = "<group>"; };
		EEC73546C74CDC86890A672E /* Pods-CleanArchitectureRxSwift_GunterUITests.debug.xcconfig */ = {isa = PBXFileReference; includeInIndex = 1; lastKnownFileType = text.xcconfig; name = "Pods-CleanArchitectureRxSwift_GunterUITests.debug.xcconfig"; path = "Target Support Files/Pods-CleanArchitectureRxSwift_GunterUITests/Pods-CleanArchitectureRxSwift_GunterUITests.debug.xcconfig"; sourceTree = "<group>"; };
		FFDF3ADF1326359B2BBA341E /* Pods-CleanArchitectureRxSwift_Gunter-Tests-CleanArchitectureRxSwift_GunterTests.release.xcconfig */ = {isa = PBXFileReference; includeInIndex = 1; lastKnownFileType = text.xcconfig; name = "Pods-CleanArchitectureRxSwift_Gunter-Tests-CleanArchitectureRxSwift_GunterTests.release.xcconfig"; path = "Target Support Files/Pods-CleanArchitectureRxSwift_Gunter-Tests-CleanArchitectureRxSwift_GunterTests/Pods-CleanArchitectureRxSwift_Gunter-Tests-CleanArchitectureRxSwift_GunterTests.release.xcconfig"; sourceTree = "<group>"; };
/* End PBXFileReference section */

/* Begin PBXFrameworksBuildPhase section */
		5B0075BB245AA306005B300D /* Frameworks */ = {
			isa = PBXFrameworksBuildPhase;
			buildActionMask = 2147483647;
			files = (
				8A16045022EFE45F675B79EF /* Pods_CleanArchitectureRxSwift_Gunter.framework in Frameworks */,
			);
			runOnlyForDeploymentPostprocessing = 0;
		};
		5BAEA1B72461A362006ED591 /* Frameworks */ = {
			isa = PBXFrameworksBuildPhase;
			buildActionMask = 2147483647;
			files = (
				CCC6E362912BDF85CFEC08DE /* libPods-CleanArchitectureRxSwift_GunterTests.a in Frameworks */,
			);
			runOnlyForDeploymentPostprocessing = 0;
		};
		5BAEA1C52461A370006ED591 /* Frameworks */ = {
			isa = PBXFrameworksBuildPhase;
			buildActionMask = 2147483647;
			files = (
				56904E0ECE7BFB9977D5B1A5 /* libPods-CleanArchitectureRxSwift_GunterUITests.a in Frameworks */,
			);
			runOnlyForDeploymentPostprocessing = 0;
		};
/* End PBXFrameworksBuildPhase section */

/* Begin PBXGroup section */
		5B0075B5245AA306005B300D = {
			isa = PBXGroup;
			children = (
				5B0075D6245AA803005B300D /* .swiftlint.yml */,
				5B0075C0245AA306005B300D /* CleanArchitectureRxSwift_Gunter */,
				5BAEA1BB2461A362006ED591 /* CleanArchitectureRxSwift_GunterTests */,
				5BAEA1C92461A370006ED591 /* CleanArchitectureRxSwift_GunterUITests */,
				5B0075BF245AA306005B300D /* Products */,
				C8EBC21CBA309A87709DFE52 /* Pods */,
				E4D9CDAC16ABEE0AA326108B /* Frameworks */,
			);
			sourceTree = "<group>";
		};
		5B0075BF245AA306005B300D /* Products */ = {
			isa = PBXGroup;
			children = (
				5B0075BE245AA306005B300D /* CleanArchitectureRxSwift_Gunter.app */,
				5BAEA1BA2461A362006ED591 /* CleanArchitectureRxSwift_GunterTests.xctest */,
				5BAEA1C82461A370006ED591 /* CleanArchitectureRxSwift_GunterUITests.xctest */,
			);
			name = Products;
			sourceTree = "<group>";
		};
		5B0075C0245AA306005B300D /* CleanArchitectureRxSwift_Gunter */ = {
			isa = PBXGroup;
			children = (
				5B0075D8245AA832005B300D /* Application */,
				5B0075DD245AA912005B300D /* Presentation */,
				5B0075EC245BF759005B300D /* Domain */,
				5B0075F4245BF89E005B300D /* Data */,
				5B0075D9245AA854005B300D /* Resources */,
				5B0075E6245AAD9C005B300D /* Logging */,
			);
			path = CleanArchitectureRxSwift_Gunter;
			sourceTree = "<group>";
		};
		5B0075D8245AA832005B300D /* Application */ = {
			isa = PBXGroup;
			children = (
				5B0075C3245AA306005B300D /* SceneDelegate.swift */,
				5B0075C1245AA306005B300D /* AppDelegate.swift */,
				5B00761E245D8105005B300D /* AppFlowCoordinator.swift */,
				5B0075DE245AAA47005B300D /* Utils */,
				5B007611245D5F53005B300D /* DIcontainer */,
				5B007614245D654E005B300D /* Common */,
			);
			path = Application;
			sourceTree = "<group>";
		};
		5B0075D9245AA854005B300D /* Resources */ = {
			isa = PBXGroup;
			children = (
				5B0075CA245AA308005B300D /* Assets.xcassets */,
				5B0075CC245AA308005B300D /* LaunchScreen.storyboard */,
				5B0075CF245AA308005B300D /* Info.plist */,
				5B0075DA245AA882005B300D /* Localizable.strings */,
			);
			path = Resources;
			sourceTree = "<group>";
		};
		5B0075DC245AA8C6005B300D /* Network */ = {
			isa = PBXGroup;
			children = (
				5B0075E4245AAD73005B300D /* Networking.swift */,
				5B0075EA245BF624005B300D /* MovieAPI.swift */,
				5B0075FA245BFE78005B300D /* Test.swift */,
			);
			path = Network;
			sourceTree = "<group>";
		};
		5B0075DD245AA912005B300D /* Presentation */ = {
			isa = PBXGroup;
			children = (
				5B007607245D5A24005B300D /* MovieScene */,
			);
			path = Presentation;
			sourceTree = "<group>";
		};
		5B0075DE245AAA47005B300D /* Utils */ = {
			isa = PBXGroup;
			children = (
				5B0075DF245AAA55005B300D /* Protocols */,
				5B007605245C0D22005B300D /* BaseViewController.swift */,
				5B007618245D6A12005B300D /* Observable+Ext.swift */,
				5B007640246138F3005B300D /* ErrorTracker.swift */,
				5B00764224613AEB005B300D /* ActivityIndicator.swift */,
				5B0076462461423A005B300D /* DetectDeinit.swift */,
				5B00764824614609005B300D /* UIScrollView+Rx.swift */,
				5B00764F24617AF1005B300D /* UIImageView+Kingfisher.swift */,
			);
			path = Utils;
			sourceTree = "<group>";
		};
		5B0075DF245AAA55005B300D /* Protocols */ = {
			isa = PBXGroup;
			children = (
				5B0075E0245AAA70005B300D /* Alertable.swift */,
				5B0075E2245AAA7F005B300D /* StoryboardInstantiable.swift */,
			);
			path = Protocols;
			sourceTree = "<group>";
		};
		5B0075E6245AAD9C005B300D /* Logging */ = {
			isa = PBXGroup;
			children = (
				5B0075E7245AADB1005B300D /* Logger.swift */,
			);
			path = Logging;
			sourceTree = "<group>";
		};
		5B0075EC245BF759005B300D /* Domain */ = {
			isa = PBXGroup;
			children = (
				5B0075ED245BF76A005B300D /* Entities */,
				5B0075EE245BF7A4005B300D /* UseCases */,
				5B0075EF245BF7AE005B300D /* Interfaces */,
			);
			path = Domain;
			sourceTree = "<group>";
		};
		5B0075ED245BF76A005B300D /* Entities */ = {
			isa = PBXGroup;
			children = (
				5B0075F2245BF852005B300D /* Movie.swift */,
				5B0075FE245C06EC005B300D /* MovieQuery.swift */,
			);
			path = Entities;
			sourceTree = "<group>";
		};
		5B0075EE245BF7A4005B300D /* UseCases */ = {
			isa = PBXGroup;
			children = (
				5B007603245C0BE3005B300D /* SearchMoviesUseCase.swift */,
			);
			path = UseCases;
			sourceTree = "<group>";
		};
		5B0075EF245BF7AE005B300D /* Interfaces */ = {
			isa = PBXGroup;
			children = (
				5B0075FC245C043A005B300D /* MoviesRepository.swift */,
			);
			path = Interfaces;
			sourceTree = "<group>";
		};
		5B0075F4245BF89E005B300D /* Data */ = {
			isa = PBXGroup;
			children = (
				5B007600245C0753005B300D /* Repositories */,
				5B0075F5245BF8B1005B300D /* DataMapping */,
				5B0075DC245AA8C6005B300D /* Network */,
			);
			path = Data;
			sourceTree = "<group>";
		};
		5B0075F5245BF8B1005B300D /* DataMapping */ = {
			isa = PBXGroup;
			children = (
				5B0075F6245BF8CF005B300D /* MoviesRequestDTO+Mapping.swift */,
				5B0075F8245BFB6D005B300D /* MoviesResponseDTO+Mapping.swift */,
				5B00763C245FF7C8005B300D /* ApiError.swift */,
			);
			path = DataMapping;
			sourceTree = "<group>";
		};
		5B007600245C0753005B300D /* Repositories */ = {
			isa = PBXGroup;
			children = (
				5B007601245C07E2005B300D /* MoviesDAO.swift */,
			);
			path = Repositories;
			sourceTree = "<group>";
		};
		5B007607245D5A24005B300D /* MovieScene */ = {
			isa = PBXGroup;
			children = (
				5B007608245D5A35005B300D /* Flows */,
				5B007609245D5A3B005B300D /* MovieList */,
				5B00764A24617976005B300D /* MovieDetails */,
			);
			path = MovieScene;
			sourceTree = "<group>";
		};
		5B007608245D5A35005B300D /* Flows */ = {
			isa = PBXGroup;
			children = (
				5B007620245D844A005B300D /* MoviesSearchFlowCoordinator.swift */,
			);
			path = Flows;
			sourceTree = "<group>";
		};
		5B007609245D5A3B005B300D /* MovieList */ = {
			isa = PBXGroup;
			children = (
				5B00760A245D5A54005B300D /* ViewModel */,
				5B00760B245D5A5B005B300D /* View */,
			);
			path = MovieList;
			sourceTree = "<group>";
		};
		5B00760A245D5A54005B300D /* ViewModel */ = {
			isa = PBXGroup;
			children = (
				5B00760F245D5E71005B300D /* MoviesListViewModel.swift */,
				5B007612245D6476005B300D /* MoviesListItemViewModel.swift */,
			);
			path = ViewModel;
			sourceTree = "<group>";
		};
		5B00760B245D5A5B005B300D /* View */ = {
			isa = PBXGroup;
			children = (
				5B00760C245D5D18005B300D /* Cells */,
				5B007626245D9726005B300D /* MoviesListViewController.storyboard */,
				5B007628245D9B5D005B300D /* MoviesListViewController.swift */,
			);
			path = View;
			sourceTree = "<group>";
		};
		5B00760C245D5D18005B300D /* Cells */ = {
			isa = PBXGroup;
			children = (
				5B00760D245D5D33005B300D /* MoviesListItemCell.swift */,
			);
			path = Cells;
			sourceTree = "<group>";
		};
		5B007611245D5F53005B300D /* DIcontainer */ = {
			isa = PBXGroup;
			children = (
				5B00761A245D80DC005B300D /* AppDIContainer.swift */,
				5B00761C245D80F2005B300D /* MoviesSceneDIContainer.swift */,
			);
			path = DIcontainer;
			sourceTree = "<group>";
		};
		5B007614245D654E005B300D /* Common */ = {
			isa = PBXGroup;
			children = (
				5B0075F0245BF7D5005B300D /* ModelType.swift */,
				5B007615245D6561005B300D /* ViewModelType.swift */,
				5B00765124617B38005B300D /* PictureUrl.swift */,
			);
			path = Common;
			sourceTree = "<group>";
		};
		5B00764A24617976005B300D /* MovieDetails */ = {
			isa = PBXGroup;
			children = (
				5B00765424618127005B300D /* ViewModel */,
				5B0076532461811B005B300D /* View */,
			);
			path = MovieDetails;
			sourceTree = "<group>";
		};
		5B0076532461811B005B300D /* View */ = {
			isa = PBXGroup;
			children = (
				5B00764B246179D0005B300D /* MovieDetailsViewController.swift */,
				5B00764D246179DD005B300D /* MovieDetailsViewController.storyboard */,
			);
			path = View;
			sourceTree = "<group>";
		};
		5B00765424618127005B300D /* ViewModel */ = {
			isa = PBXGroup;
			children = (
				5B00765524618149005B300D /* MovieDetailsViewModel.swift */,
			);
			path = ViewModel;
			sourceTree = "<group>";
		};
		5BAEA1BB2461A362006ED591 /* CleanArchitectureRxSwift_GunterTests */ = {
			isa = PBXGroup;
			children = (
				5BAEA1BC2461A362006ED591 /* CleanArchitectureRxSwift_GunterTests.swift */,
				5BAEA1BE2461A362006ED591 /* Info.plist */,
			);
			path = CleanArchitectureRxSwift_GunterTests;
			sourceTree = "<group>";
		};
		5BAEA1C92461A370006ED591 /* CleanArchitectureRxSwift_GunterUITests */ = {
			isa = PBXGroup;
			children = (
				5BAEA1CA2461A370006ED591 /* CleanArchitectureRxSwift_GunterUITests.swift */,
				5BAEA1CC2461A370006ED591 /* Info.plist */,
			);
			path = CleanArchitectureRxSwift_GunterUITests;
			sourceTree = "<group>";
		};
		C8EBC21CBA309A87709DFE52 /* Pods */ = {
			isa = PBXGroup;
			children = (
				D0DBA5C1AF8071F16C66CE2E /* Pods-CleanArchitectureRxSwift_Gunter.debug.xcconfig */,
				B97B4F41AAD80FFA25068722 /* Pods-CleanArchitectureRxSwift_Gunter.release.xcconfig */,
				57FBACD7569971F7625CD0BB /* Pods-CleanArchitectureRxSwift_Gunter-Tests-CleanArchitectureRxSwift_GunterTests.debug.xcconfig */,
				FFDF3ADF1326359B2BBA341E /* Pods-CleanArchitectureRxSwift_Gunter-Tests-CleanArchitectureRxSwift_GunterTests.release.xcconfig */,
				5E628992E1C7CA3B45C40EF9 /* Pods-CleanArchitectureRxSwift_Gunter-Tests-CleanArchitectureRxSwift_GunterUITests.debug.xcconfig */,
				6DB68B184C9E782316257E7B /* Pods-CleanArchitectureRxSwift_Gunter-Tests-CleanArchitectureRxSwift_GunterUITests.release.xcconfig */,
				D1D79F54CE519DD5342AF116 /* Pods-CleanArchitectureRxSwift_GunterTests.debug.xcconfig */,
				EC559EC38A0363A7CCE25239 /* Pods-CleanArchitectureRxSwift_GunterTests.release.xcconfig */,
				EEC73546C74CDC86890A672E /* Pods-CleanArchitectureRxSwift_GunterUITests.debug.xcconfig */,
				6831E96AE7EB19DA075F7164 /* Pods-CleanArchitectureRxSwift_GunterUITests.release.xcconfig */,
			);
			path = Pods;
			sourceTree = "<group>";
		};
		E4D9CDAC16ABEE0AA326108B /* Frameworks */ = {
			isa = PBXGroup;
			children = (
				E7A90FFAD45061F8918D46B0 /* Pods_CleanArchitectureRxSwift_Gunter.framework */,
				DAD664D1EDAADCE31D12A136 /* libPods-CleanArchitectureRxSwift_GunterTests.a */,
				11609BFC5024B77A69F0D034 /* libPods-CleanArchitectureRxSwift_GunterUITests.a */,
			);
			name = Frameworks;
			sourceTree = "<group>";
		};
/* End PBXGroup section */

/* Begin PBXNativeTarget section */
		5B0075BD245AA306005B300D /* CleanArchitectureRxSwift_Gunter */ = {
			isa = PBXNativeTarget;
			buildConfigurationList = 5B0075D2245AA308005B300D /* Build configuration list for PBXNativeTarget "CleanArchitectureRxSwift_Gunter" */;
			buildPhases = (
				6B62B4C72F090A8B15D32CF0 /* [CP] Check Pods Manifest.lock */,
				5B0075BA245AA306005B300D /* Sources */,
				5B0075BB245AA306005B300D /* Frameworks */,
				5B0075BC245AA306005B300D /* Resources */,
				8698F6878F41D70DB1959C66 /* [CP] Embed Pods Frameworks */,
				5B0075D5245AA628005B300D /* ShellScript */,
			);
			buildRules = (
			);
			dependencies = (
			);
			name = CleanArchitectureRxSwift_Gunter;
			productName = CleanArchitectureRxSwift_Gunter;
			productReference = 5B0075BE245AA306005B300D /* CleanArchitectureRxSwift_Gunter.app */;
			productType = "com.apple.product-type.application";
		};
		5BAEA1B92461A362006ED591 /* CleanArchitectureRxSwift_GunterTests */ = {
			isa = PBXNativeTarget;
			buildConfigurationList = 5BAEA1C32461A362006ED591 /* Build configuration list for PBXNativeTarget "CleanArchitectureRxSwift_GunterTests" */;
			buildPhases = (
				B57F5E6900644BB2D8C4082D /* [CP] Check Pods Manifest.lock */,
				5BAEA1B62461A362006ED591 /* Sources */,
				5BAEA1B72461A362006ED591 /* Frameworks */,
				5BAEA1B82461A362006ED591 /* Resources */,
			);
			buildRules = (
			);
			dependencies = (
				5BAEA1C02461A362006ED591 /* PBXTargetDependency */,
			);
			name = CleanArchitectureRxSwift_GunterTests;
			productName = CleanArchitectureRxSwift_GunterTests;
			productReference = 5BAEA1BA2461A362006ED591 /* CleanArchitectureRxSwift_GunterTests.xctest */;
			productType = "com.apple.product-type.bundle.unit-test";
		};
		5BAEA1C72461A370006ED591 /* CleanArchitectureRxSwift_GunterUITests */ = {
			isa = PBXNativeTarget;
			buildConfigurationList = 5BAEA1CF2461A370006ED591 /* Build configuration list for PBXNativeTarget "CleanArchitectureRxSwift_GunterUITests" */;
			buildPhases = (
				0EF6EFCE27D68A93892B2E9A /* [CP] Check Pods Manifest.lock */,
				5BAEA1C42461A370006ED591 /* Sources */,
				5BAEA1C52461A370006ED591 /* Frameworks */,
				5BAEA1C62461A370006ED591 /* Resources */,
			);
			buildRules = (
			);
			dependencies = (
				5BAEA1CE2461A370006ED591 /* PBXTargetDependency */,
			);
			name = CleanArchitectureRxSwift_GunterUITests;
			productName = CleanArchitectureRxSwift_GunterUITests;
			productReference = 5BAEA1C82461A370006ED591 /* CleanArchitectureRxSwift_GunterUITests.xctest */;
			productType = "com.apple.product-type.bundle.ui-testing";
		};
/* End PBXNativeTarget section */

/* Begin PBXProject section */
		5B0075B6245AA306005B300D /* Project object */ = {
			isa = PBXProject;
			attributes = {
				LastSwiftUpdateCheck = 1140;
				LastUpgradeCheck = 1140;
				ORGANIZATIONNAME = Gunter;
				TargetAttributes = {
					5B0075BD245AA306005B300D = {
						CreatedOnToolsVersion = 11.4;
					};
					5BAEA1B92461A362006ED591 = {
						CreatedOnToolsVersion = 11.4;
						TestTargetID = 5B0075BD245AA306005B300D;
					};
					5BAEA1C72461A370006ED591 = {
						CreatedOnToolsVersion = 11.4;
						TestTargetID = 5B0075BD245AA306005B300D;
					};
				};
			};
			buildConfigurationList = 5B0075B9245AA306005B300D /* Build configuration list for PBXProject "CleanArchitectureRxSwift_Gunter" */;
			compatibilityVersion = "Xcode 9.3";
			developmentRegion = en;
			hasScannedForEncodings = 0;
			knownRegions = (
				en,
				Base,
			);
			mainGroup = 5B0075B5245AA306005B300D;
			productRefGroup = 5B0075BF245AA306005B300D /* Products */;
			projectDirPath = "";
			projectRoot = "";
			targets = (
				5B0075BD245AA306005B300D /* CleanArchitectureRxSwift_Gunter */,
				5BAEA1B92461A362006ED591 /* CleanArchitectureRxSwift_GunterTests */,
				5BAEA1C72461A370006ED591 /* CleanArchitectureRxSwift_GunterUITests */,
			);
		};
/* End PBXProject section */

/* Begin PBXResourcesBuildPhase section */
		5B0075BC245AA306005B300D /* Resources */ = {
			isa = PBXResourcesBuildPhase;
			buildActionMask = 2147483647;
			files = (
				5B007627245D9726005B300D /* MoviesListViewController.storyboard in Resources */,
				5B0075DB245AA882005B300D /* Localizable.strings in Resources */,
				5B0075D7245AA803005B300D /* .swiftlint.yml in Resources */,
				5B00764E246179DE005B300D /* MovieDetailsViewController.storyboard in Resources */,
				5B0075CE245AA308005B300D /* LaunchScreen.storyboard in Resources */,
				5B0075CB245AA308005B300D /* Assets.xcassets in Resources */,
			);
			runOnlyForDeploymentPostprocessing = 0;
		};
		5BAEA1B82461A362006ED591 /* Resources */ = {
			isa = PBXResourcesBuildPhase;
			buildActionMask = 2147483647;
			files = (
			);
			runOnlyForDeploymentPostprocessing = 0;
		};
		5BAEA1C62461A370006ED591 /* Resources */ = {
			isa = PBXResourcesBuildPhase;
			buildActionMask = 2147483647;
			files = (
			);
			runOnlyForDeploymentPostprocessing = 0;
		};
/* End PBXResourcesBuildPhase section */

/* Begin PBXShellScriptBuildPhase section */
		0EF6EFCE27D68A93892B2E9A /* [CP] Check Pods Manifest.lock */ = {
			isa = PBXShellScriptBuildPhase;
			buildActionMask = 2147483647;
			files = (
			);
			inputFileListPaths = (
			);
			inputPaths = (
				"${PODS_PODFILE_DIR_PATH}/Podfile.lock",
				"${PODS_ROOT}/Manifest.lock",
			);
			name = "[CP] Check Pods Manifest.lock";
			outputFileListPaths = (
			);
			outputPaths = (
				"$(DERIVED_FILE_DIR)/Pods-CleanArchitectureRxSwift_GunterUITests-checkManifestLockResult.txt",
			);
			runOnlyForDeploymentPostprocessing = 0;
			shellPath = /bin/sh;
			shellScript = "diff \"${PODS_PODFILE_DIR_PATH}/Podfile.lock\" \"${PODS_ROOT}/Manifest.lock\" > /dev/null\nif [ $? != 0 ] ; then\n    # print error to STDERR\n    echo \"error: The sandbox is not in sync with the Podfile.lock. Run 'pod install' or update your CocoaPods installation.\" >&2\n    exit 1\nfi\n# This output is used by Xcode 'outputs' to avoid re-running this script phase.\necho \"SUCCESS\" > \"${SCRIPT_OUTPUT_FILE_0}\"\n";
			showEnvVarsInLog = 0;
		};
		5B0075D5245AA628005B300D /* ShellScript */ = {
			isa = PBXShellScriptBuildPhase;
			buildActionMask = 2147483647;
			files = (
			);
			inputFileListPaths = (
			);
			inputPaths = (
			);
			outputFileListPaths = (
			);
			outputPaths = (
			);
			runOnlyForDeploymentPostprocessing = 0;
			shellPath = /bin/sh;
			shellScript = "${PODS_ROOT}/SwiftLint/swiftlint\n";
		};
		6B62B4C72F090A8B15D32CF0 /* [CP] Check Pods Manifest.lock */ = {
			isa = PBXShellScriptBuildPhase;
			buildActionMask = 2147483647;
			files = (
			);
			inputFileListPaths = (
			);
			inputPaths = (
				"${PODS_PODFILE_DIR_PATH}/Podfile.lock",
				"${PODS_ROOT}/Manifest.lock",
			);
			name = "[CP] Check Pods Manifest.lock";
			outputFileListPaths = (
			);
			outputPaths = (
				"$(DERIVED_FILE_DIR)/Pods-CleanArchitectureRxSwift_Gunter-checkManifestLockResult.txt",
			);
			runOnlyForDeploymentPostprocessing = 0;
			shellPath = /bin/sh;
			shellScript = "diff \"${PODS_PODFILE_DIR_PATH}/Podfile.lock\" \"${PODS_ROOT}/Manifest.lock\" > /dev/null\nif [ $? != 0 ] ; then\n    # print error to STDERR\n    echo \"error: The sandbox is not in sync with the Podfile.lock. Run 'pod install' or update your CocoaPods installation.\" >&2\n    exit 1\nfi\n# This output is used by Xcode 'outputs' to avoid re-running this script phase.\necho \"SUCCESS\" > \"${SCRIPT_OUTPUT_FILE_0}\"\n";
			showEnvVarsInLog = 0;
		};
		8698F6878F41D70DB1959C66 /* [CP] Embed Pods Frameworks */ = {
			isa = PBXShellScriptBuildPhase;
			buildActionMask = 2147483647;
			files = (
			);
			inputFileListPaths = (
				"${PODS_ROOT}/Target Support Files/Pods-CleanArchitectureRxSwift_Gunter/Pods-CleanArchitectureRxSwift_Gunter-frameworks-${CONFIGURATION}-input-files.xcfilelist",
			);
			name = "[CP] Embed Pods Frameworks";
			outputFileListPaths = (
				"${PODS_ROOT}/Target Support Files/Pods-CleanArchitectureRxSwift_Gunter/Pods-CleanArchitectureRxSwift_Gunter-frameworks-${CONFIGURATION}-output-files.xcfilelist",
			);
			runOnlyForDeploymentPostprocessing = 0;
			shellPath = /bin/sh;
			shellScript = "\"${PODS_ROOT}/Target Support Files/Pods-CleanArchitectureRxSwift_Gunter/Pods-CleanArchitectureRxSwift_Gunter-frameworks.sh\"\n";
			showEnvVarsInLog = 0;
		};
		B57F5E6900644BB2D8C4082D /* [CP] Check Pods Manifest.lock */ = {
			isa = PBXShellScriptBuildPhase;
			buildActionMask = 2147483647;
			files = (
			);
			inputFileListPaths = (
			);
			inputPaths = (
				"${PODS_PODFILE_DIR_PATH}/Podfile.lock",
				"${PODS_ROOT}/Manifest.lock",
			);
			name = "[CP] Check Pods Manifest.lock";
			outputFileListPaths = (
			);
			outputPaths = (
				"$(DERIVED_FILE_DIR)/Pods-CleanArchitectureRxSwift_GunterTests-checkManifestLockResult.txt",
			);
			runOnlyForDeploymentPostprocessing = 0;
			shellPath = /bin/sh;
			shellScript = "diff \"${PODS_PODFILE_DIR_PATH}/Podfile.lock\" \"${PODS_ROOT}/Manifest.lock\" > /dev/null\nif [ $? != 0 ] ; then\n    # print error to STDERR\n    echo \"error: The sandbox is not in sync with the Podfile.lock. Run 'pod install' or update your CocoaPods installation.\" >&2\n    exit 1\nfi\n# This output is used by Xcode 'outputs' to avoid re-running this script phase.\necho \"SUCCESS\" > \"${SCRIPT_OUTPUT_FILE_0}\"\n";
			showEnvVarsInLog = 0;
		};
/* End PBXShellScriptBuildPhase section */

/* Begin PBXSourcesBuildPhase section */
		5B0075BA245AA306005B300D /* Sources */ = {
			isa = PBXSourcesBuildPhase;
			buildActionMask = 2147483647;
			files = (
				5B007616245D6561005B300D /* ViewModelType.swift in Sources */,
				5B007604245C0BE3005B300D /* SearchMoviesUseCase.swift in Sources */,
				5B007602245C07E2005B300D /* MoviesDAO.swift in Sources */,
				5B00760E245D5D33005B300D /* MoviesListItemCell.swift in Sources */,
				5B0075C2245AA306005B300D /* AppDelegate.swift in Sources */,
				5B00764C246179D0005B300D /* MovieDetailsViewController.swift in Sources */,
				5B00765024617AF1005B300D /* UIImageView+Kingfisher.swift in Sources */,
				5B0075F9245BFB6D005B300D /* MoviesResponseDTO+Mapping.swift in Sources */,
				5B00765624618149005B300D /* MovieDetailsViewModel.swift in Sources */,
				5B007606245C0D22005B300D /* BaseViewController.swift in Sources */,
				5B007621245D844A005B300D /* MoviesSearchFlowCoordinator.swift in Sources */,
				5B00761B245D80DC005B300D /* AppDIContainer.swift in Sources */,
				5B0075F7245BF8CF005B300D /* MoviesRequestDTO+Mapping.swift in Sources */,
				5B007619245D6A12005B300D /* Observable+Ext.swift in Sources */,
				5B007629245D9B5D005B300D /* MoviesListViewController.swift in Sources */,
				5B0075E3245AAA7F005B300D /* StoryboardInstantiable.swift in Sources */,
				5B00764924614609005B300D /* UIScrollView+Rx.swift in Sources */,
				5B0075EB245BF624005B300D /* MovieAPI.swift in Sources */,
				5B007641246138F3005B300D /* ErrorTracker.swift in Sources */,
				5B0075FB245BFE78005B300D /* Test.swift in Sources */,
				5B00764324613AEB005B300D /* ActivityIndicator.swift in Sources */,
				5B00761F245D8105005B300D /* AppFlowCoordinator.swift in Sources */,
				5B00761D245D80F2005B300D /* MoviesSceneDIContainer.swift in Sources */,
				5B00765224617B38005B300D /* PictureUrl.swift in Sources */,
				5B0075F3245BF852005B300D /* Movie.swift in Sources */,
				5B0075FD245C043A005B300D /* MoviesRepository.swift in Sources */,
				5B0075F1245BF7D5005B300D /* ModelType.swift in Sources */,
				5B007613245D6476005B300D /* MoviesListItemViewModel.swift in Sources */,
				5B00763D245FF7C8005B300D /* ApiError.swift in Sources */,
				5B0075E5245AAD73005B300D /* Networking.swift in Sources */,
				5B007610245D5E71005B300D /* MoviesListViewModel.swift in Sources */,
				5B0075FF245C06EC005B300D /* MovieQuery.swift in Sources */,
				5B0075E8245AADB1005B300D /* Logger.swift in Sources */,
				5B0076472461423A005B300D /* DetectDeinit.swift in Sources */,
				5B0075E1245AAA70005B300D /* Alertable.swift in Sources */,
				5B0075C4245AA306005B300D /* SceneDelegate.swift in Sources */,
			);
			runOnlyForDeploymentPostprocessing = 0;
		};
		5BAEA1B62461A362006ED591 /* Sources */ = {
			isa = PBXSourcesBuildPhase;
			buildActionMask = 2147483647;
			files = (
				5BAEA1BD2461A362006ED591 /* CleanArchitectureRxSwift_GunterTests.swift in Sources */,
			);
			runOnlyForDeploymentPostprocessing = 0;
		};
		5BAEA1C42461A370006ED591 /* Sources */ = {
			isa = PBXSourcesBuildPhase;
			buildActionMask = 2147483647;
			files = (
				5BAEA1CB2461A370006ED591 /* CleanArchitectureRxSwift_GunterUITests.swift in Sources */,
			);
			runOnlyForDeploymentPostprocessing = 0;
		};
/* End PBXSourcesBuildPhase section */

/* Begin PBXTargetDependency section */
		5BAEA1C02461A362006ED591 /* PBXTargetDependency */ = {
			isa = PBXTargetDependency;
			target = 5B0075BD245AA306005B300D /* CleanArchitectureRxSwift_Gunter */;
			targetProxy = 5BAEA1BF2461A362006ED591 /* PBXContainerItemProxy */;
		};
		5BAEA1CE2461A370006ED591 /* PBXTargetDependency */ = {
			isa = PBXTargetDependency;
			target = 5B0075BD245AA306005B300D /* CleanArchitectureRxSwift_Gunter */;
			targetProxy = 5BAEA1CD2461A370006ED591 /* PBXContainerItemProxy */;
		};
/* End PBXTargetDependency section */

/* Begin PBXVariantGroup section */
		5B0075CC245AA308005B300D /* LaunchScreen.storyboard */ = {
			isa = PBXVariantGroup;
			children = (
				5B0075CD245AA308005B300D /* Base */,
			);
			name = LaunchScreen.storyboard;
			sourceTree = "<group>";
		};
/* End PBXVariantGroup section */

/* Begin XCBuildConfiguration section */
		5B0075D0245AA308005B300D /* Debug */ = {
			isa = XCBuildConfiguration;
			buildSettings = {
				ALWAYS_SEARCH_USER_PATHS = NO;
				CLANG_ANALYZER_NONNULL = YES;
				CLANG_ANALYZER_NUMBER_OBJECT_CONVERSION = YES_AGGRESSIVE;
				CLANG_CXX_LANGUAGE_STANDARD = "gnu++14";
				CLANG_CXX_LIBRARY = "libc++";
				CLANG_ENABLE_MODULES = YES;
				CLANG_ENABLE_OBJC_ARC = YES;
				CLANG_ENABLE_OBJC_WEAK = YES;
				CLANG_WARN_BLOCK_CAPTURE_AUTORELEASING = YES;
				CLANG_WARN_BOOL_CONVERSION = YES;
				CLANG_WARN_COMMA = YES;
				CLANG_WARN_CONSTANT_CONVERSION = YES;
				CLANG_WARN_DEPRECATED_OBJC_IMPLEMENTATIONS = YES;
				CLANG_WARN_DIRECT_OBJC_ISA_USAGE = YES_ERROR;
				CLANG_WARN_DOCUMENTATION_COMMENTS = YES;
				CLANG_WARN_EMPTY_BODY = YES;
				CLANG_WARN_ENUM_CONVERSION = YES;
				CLANG_WARN_INFINITE_RECURSION = YES;
				CLANG_WARN_INT_CONVERSION = YES;
				CLANG_WARN_NON_LITERAL_NULL_CONVERSION = YES;
				CLANG_WARN_OBJC_IMPLICIT_RETAIN_SELF = YES;
				CLANG_WARN_OBJC_LITERAL_CONVERSION = YES;
				CLANG_WARN_OBJC_ROOT_CLASS = YES_ERROR;
				CLANG_WARN_RANGE_LOOP_ANALYSIS = YES;
				CLANG_WARN_STRICT_PROTOTYPES = YES;
				CLANG_WARN_SUSPICIOUS_MOVE = YES;
				CLANG_WARN_UNGUARDED_AVAILABILITY = YES_AGGRESSIVE;
				CLANG_WARN_UNREACHABLE_CODE = YES;
				CLANG_WARN__DUPLICATE_METHOD_MATCH = YES;
				COPY_PHASE_STRIP = NO;
				DEBUG_INFORMATION_FORMAT = dwarf;
				ENABLE_STRICT_OBJC_MSGSEND = YES;
				ENABLE_TESTABILITY = YES;
				GCC_C_LANGUAGE_STANDARD = gnu11;
				GCC_DYNAMIC_NO_PIC = NO;
				GCC_NO_COMMON_BLOCKS = YES;
				GCC_OPTIMIZATION_LEVEL = 0;
				GCC_PREPROCESSOR_DEFINITIONS = (
					"DEBUG=1",
					"$(inherited)",
				);
				GCC_WARN_64_TO_32_BIT_CONVERSION = YES;
				GCC_WARN_ABOUT_RETURN_TYPE = YES_ERROR;
				GCC_WARN_UNDECLARED_SELECTOR = YES;
				GCC_WARN_UNINITIALIZED_AUTOS = YES_AGGRESSIVE;
				GCC_WARN_UNUSED_FUNCTION = YES;
				GCC_WARN_UNUSED_VARIABLE = YES;
				IPHONEOS_DEPLOYMENT_TARGET = 13.4;
				MTL_ENABLE_DEBUG_INFO = INCLUDE_SOURCE;
				MTL_FAST_MATH = YES;
				ONLY_ACTIVE_ARCH = YES;
				SDKROOT = iphoneos;
				SWIFT_ACTIVE_COMPILATION_CONDITIONS = DEBUG;
				SWIFT_OPTIMIZATION_LEVEL = "-Onone";
			};
			name = Debug;
		};
		5B0075D1245AA308005B300D /* Release */ = {
			isa = XCBuildConfiguration;
			buildSettings = {
				ALWAYS_SEARCH_USER_PATHS = NO;
				CLANG_ANALYZER_NONNULL = YES;
				CLANG_ANALYZER_NUMBER_OBJECT_CONVERSION = YES_AGGRESSIVE;
				CLANG_CXX_LANGUAGE_STANDARD = "gnu++14";
				CLANG_CXX_LIBRARY = "libc++";
				CLANG_ENABLE_MODULES = YES;
				CLANG_ENABLE_OBJC_ARC = YES;
				CLANG_ENABLE_OBJC_WEAK = YES;
				CLANG_WARN_BLOCK_CAPTURE_AUTORELEASING = YES;
				CLANG_WARN_BOOL_CONVERSION = YES;
				CLANG_WARN_COMMA = YES;
				CLANG_WARN_CONSTANT_CONVERSION = YES;
				CLANG_WARN_DEPRECATED_OBJC_IMPLEMENTATIONS = YES;
				CLANG_WARN_DIRECT_OBJC_ISA_USAGE = YES_ERROR;
				CLANG_WARN_DOCUMENTATION_COMMENTS = YES;
				CLANG_WARN_EMPTY_BODY = YES;
				CLANG_WARN_ENUM_CONVERSION = YES;
				CLANG_WARN_INFINITE_RECURSION = YES;
				CLANG_WARN_INT_CONVERSION = YES;
				CLANG_WARN_NON_LITERAL_NULL_CONVERSION = YES;
				CLANG_WARN_OBJC_IMPLICIT_RETAIN_SELF = YES;
				CLANG_WARN_OBJC_LITERAL_CONVERSION = YES;
				CLANG_WARN_OBJC_ROOT_CLASS = YES_ERROR;
				CLANG_WARN_RANGE_LOOP_ANALYSIS = YES;
				CLANG_WARN_STRICT_PROTOTYPES = YES;
				CLANG_WARN_SUSPICIOUS_MOVE = YES;
				CLANG_WARN_UNGUARDED_AVAILABILITY = YES_AGGRESSIVE;
				CLANG_WARN_UNREACHABLE_CODE = YES;
				CLANG_WARN__DUPLICATE_METHOD_MATCH = YES;
				COPY_PHASE_STRIP = NO;
				DEBUG_INFORMATION_FORMAT = "dwarf-with-dsym";
				ENABLE_NS_ASSERTIONS = NO;
				ENABLE_STRICT_OBJC_MSGSEND = YES;
				GCC_C_LANGUAGE_STANDARD = gnu11;
				GCC_NO_COMMON_BLOCKS = YES;
				GCC_WARN_64_TO_32_BIT_CONVERSION = YES;
				GCC_WARN_ABOUT_RETURN_TYPE = YES_ERROR;
				GCC_WARN_UNDECLARED_SELECTOR = YES;
				GCC_WARN_UNINITIALIZED_AUTOS = YES_AGGRESSIVE;
				GCC_WARN_UNUSED_FUNCTION = YES;
				GCC_WARN_UNUSED_VARIABLE = YES;
				IPHONEOS_DEPLOYMENT_TARGET = 13.4;
				MTL_ENABLE_DEBUG_INFO = NO;
				MTL_FAST_MATH = YES;
				SDKROOT = iphoneos;
				SWIFT_COMPILATION_MODE = wholemodule;
				SWIFT_OPTIMIZATION_LEVEL = "-O";
				VALIDATE_PRODUCT = YES;
			};
			name = Release;
		};
		5B0075D3245AA308005B300D /* Debug */ = {
			isa = XCBuildConfiguration;
			baseConfigurationReference = D0DBA5C1AF8071F16C66CE2E /* Pods-CleanArchitectureRxSwift_Gunter.debug.xcconfig */;
			buildSettings = {
				ASSETCATALOG_COMPILER_APPICON_NAME = AppIcon;
				CODE_SIGN_STYLE = Automatic;
				DEVELOPMENT_TEAM = PQFD9V79PC;
				INFOPLIST_FILE = "$(SRCROOT)/CleanArchitectureRxSwift_Gunter/Resources/Info.plist";
				IPHONEOS_DEPLOYMENT_TARGET = 13.0;
				LD_RUNPATH_SEARCH_PATHS = (
					"$(inherited)",
					"@executable_path/Frameworks",
				);
				PRODUCT_BUNDLE_IDENTIFIER = "kr.co.mobidoo.CleanArchitectureRxSwift-Gunter";
				PRODUCT_NAME = "$(TARGET_NAME)";
				SWIFT_VERSION = 5.0;
				TARGETED_DEVICE_FAMILY = "1,2";
			};
			name = Debug;
		};
		5B0075D4245AA308005B300D /* Release */ = {
			isa = XCBuildConfiguration;
			baseConfigurationReference = B97B4F41AAD80FFA25068722 /* Pods-CleanArchitectureRxSwift_Gunter.release.xcconfig */;
			buildSettings = {
				ASSETCATALOG_COMPILER_APPICON_NAME = AppIcon;
				CODE_SIGN_STYLE = Automatic;
				DEVELOPMENT_TEAM = PQFD9V79PC;
				INFOPLIST_FILE = "$(SRCROOT)/CleanArchitectureRxSwift_Gunter/Resources/Info.plist";
				IPHONEOS_DEPLOYMENT_TARGET = 13.0;
				LD_RUNPATH_SEARCH_PATHS = (
					"$(inherited)",
					"@executable_path/Frameworks",
				);
				PRODUCT_BUNDLE_IDENTIFIER = "kr.co.mobidoo.CleanArchitectureRxSwift-Gunter";
				PRODUCT_NAME = "$(TARGET_NAME)";
				SWIFT_VERSION = 5.0;
				TARGETED_DEVICE_FAMILY = "1,2";
			};
			name = Release;
		};
		5BAEA1C12461A362006ED591 /* Debug */ = {
			isa = XCBuildConfiguration;
			baseConfigurationReference = D1D79F54CE519DD5342AF116 /* Pods-CleanArchitectureRxSwift_GunterTests.debug.xcconfig */;
			buildSettings = {
				BUNDLE_LOADER = "$(TEST_HOST)";
				CODE_SIGN_STYLE = Automatic;
				DEVELOPMENT_TEAM = PQFD9V79PC;
				INFOPLIST_FILE = CleanArchitectureRxSwift_GunterTests/Info.plist;
				LD_RUNPATH_SEARCH_PATHS = (
					"$(inherited)",
					"@executable_path/Frameworks",
					"@loader_path/Frameworks",
				);
				PRODUCT_BUNDLE_IDENTIFIER = "kr.co.mobidoo.CleanArchitectureRxSwift-GunterTests";
				PRODUCT_NAME = "$(TARGET_NAME)";
				SWIFT_VERSION = 5.0;
				TARGETED_DEVICE_FAMILY = "1,2";
				TEST_HOST = "$(BUILT_PRODUCTS_DIR)/CleanArchitectureRxSwift_Gunter.app/CleanArchitectureRxSwift_Gunter";
			};
			name = Debug;
		};
		5BAEA1C22461A362006ED591 /* Release */ = {
			isa = XCBuildConfiguration;
			baseConfigurationReference = EC559EC38A0363A7CCE25239 /* Pods-CleanArchitectureRxSwift_GunterTests.release.xcconfig */;
			buildSettings = {
				BUNDLE_LOADER = "$(TEST_HOST)";
				CODE_SIGN_STYLE = Automatic;
				DEVELOPMENT_TEAM = PQFD9V79PC;
				INFOPLIST_FILE = CleanArchitectureRxSwift_GunterTests/Info.plist;
				LD_RUNPATH_SEARCH_PATHS = (
					"$(inherited)",
					"@executable_path/Frameworks",
					"@loader_path/Frameworks",
				);
				PRODUCT_BUNDLE_IDENTIFIER = "kr.co.mobidoo.CleanArchitectureRxSwift-GunterTests";
				PRODUCT_NAME = "$(TARGET_NAME)";
				SWIFT_VERSION = 5.0;
				TARGETED_DEVICE_FAMILY = "1,2";
				TEST_HOST = "$(BUILT_PRODUCTS_DIR)/CleanArchitectureRxSwift_Gunter.app/CleanArchitectureRxSwift_Gunter";
			};
			name = Release;
		};
		5BAEA1D02461A370006ED591 /* Debug */ = {
			isa = XCBuildConfiguration;
			baseConfigurationReference = EEC73546C74CDC86890A672E /* Pods-CleanArchitectureRxSwift_GunterUITests.debug.xcconfig */;
			buildSettings = {
				CODE_SIGN_STYLE = Automatic;
				DEVELOPMENT_TEAM = PQFD9V79PC;
				INFOPLIST_FILE = CleanArchitectureRxSwift_GunterUITests/Info.plist;
				LD_RUNPATH_SEARCH_PATHS = (
					"$(inherited)",
					"@executable_path/Frameworks",
					"@loader_path/Frameworks",
				);
				PRODUCT_BUNDLE_IDENTIFIER = "kr.co.mobidoo.CleanArchitectureRxSwift-GunterUITests";
				PRODUCT_NAME = "$(TARGET_NAME)";
				SWIFT_VERSION = 5.0;
				TARGETED_DEVICE_FAMILY = "1,2";
				TEST_TARGET_NAME = CleanArchitectureRxSwift_Gunter;
			};
			name = Debug;
		};
		5BAEA1D12461A370006ED591 /* Release */ = {
			isa = XCBuildConfiguration;
			baseConfigurationReference = 6831E96AE7EB19DA075F7164 /* Pods-CleanArchitectureRxSwift_GunterUITests.release.xcconfig */;
			buildSettings = {
				CODE_SIGN_STYLE = Automatic;
				DEVELOPMENT_TEAM = PQFD9V79PC;
				INFOPLIST_FILE = CleanArchitectureRxSwift_GunterUITests/Info.plist;
				LD_RUNPATH_SEARCH_PATHS = (
					"$(inherited)",
					"@executable_path/Frameworks",
					"@loader_path/Frameworks",
				);
				PRODUCT_BUNDLE_IDENTIFIER = "kr.co.mobidoo.CleanArchitectureRxSwift-GunterUITests";
				PRODUCT_NAME = "$(TARGET_NAME)";
				SWIFT_VERSION = 5.0;
				TARGETED_DEVICE_FAMILY = "1,2";
				TEST_TARGET_NAME = CleanArchitectureRxSwift_Gunter;
			};
			name = Release;
		};
/* End XCBuildConfiguration section */

/* Begin XCConfigurationList section */
		5B0075B9245AA306005B300D /* Build configuration list for PBXProject "CleanArchitectureRxSwift_Gunter" */ = {
			isa = XCConfigurationList;
			buildConfigurations = (
				5B0075D0245AA308005B300D /* Debug */,
				5B0075D1245AA308005B300D /* Release */,
			);
			defaultConfigurationIsVisible = 0;
			defaultConfigurationName = Release;
		};
		5B0075D2245AA308005B300D /* Build configuration list for PBXNativeTarget "CleanArchitectureRxSwift_Gunter" */ = {
			isa = XCConfigurationList;
			buildConfigurations = (
				5B0075D3245AA308005B300D /* Debug */,
				5B0075D4245AA308005B300D /* Release */,
			);
			defaultConfigurationIsVisible = 0;
			defaultConfigurationName = Release;
		};
		5BAEA1C32461A362006ED591 /* Build configuration list for PBXNativeTarget "CleanArchitectureRxSwift_GunterTests" */ = {
			isa = XCConfigurationList;
			buildConfigurations = (
				5BAEA1C12461A362006ED591 /* Debug */,
				5BAEA1C22461A362006ED591 /* Release */,
			);
			defaultConfigurationIsVisible = 0;
			defaultConfigurationName = Release;
		};
		5BAEA1CF2461A370006ED591 /* Build configuration list for PBXNativeTarget "CleanArchitectureRxSwift_GunterUITests" */ = {
			isa = XCConfigurationList;
			buildConfigurations = (
				5BAEA1D02461A370006ED591 /* Debug */,
				5BAEA1D12461A370006ED591 /* Release */,
			);
			defaultConfigurationIsVisible = 0;
			defaultConfigurationName = Release;
		};
/* End XCConfigurationList section */
	};
	rootObject = 5B0075B6245AA306005B300D /* Project object */;
}
